
Microsoft Visual Studio Solution File, Format Version 12.00
# Visual Studio Version 17
VisualStudioVersion = 17.14.36717.8
MinimumVisualStudioVersion = 10.0.40219.1
Project("{2150E333-8FDC-42A3-9474-1A3956D46DE8}") = "src", "src", "{02EA681E-C7D8-13C7-8484-4AC65E1B71E8}"
EndProject
Project("{FAE04EC0-301F-11D3-BF4B-00C04F79EFBC}") = "CyclingErasGame.Core", "src\CyclingErasGame.Core\CyclingErasGame.Core.csproj", "{11ACA2B3-B4B3-434A-A7B3-C32077873174}"
EndProject
Project("{2150E333-8FDC-42A3-9474-1A3956D46DE8}") = "tests", "tests", "{41D8CDDC-BAD8-4542-8BB9-ABD2873EF6CC}"
EndProject
Project("{FAE04EC0-301F-11D3-BF4B-00C04F79EFBC}") = "CyclingErasGame.Core.Tests", "tests\CyclingErasGame.Core.Tests\CyclingErasGame.Core.Tests.csproj", "{62CC9631-5FF8-437F-8D61-E1C7EAF0FA26}"
EndProject
Global
	GlobalSection(SolutionConfigurationPlatforms) = preSolution
		Debug|Any CPU = Debug|Any CPU
		Release|Any CPU = Release|Any CPU
	EndGlobalSection
	GlobalSection(ProjectConfigurationPlatforms) = postSolution
		{11ACA2B3-B4B3-434A-A7B3-C32077873174}.Debug|Any CPU.ActiveCfg = Debug|Any CPU
		{11ACA2B3-B4B3-434A-A7B3-C32077873174}.Debug|Any CPU.Build.0 = Debug|Any CPU
		{11ACA2B3-B4B3-434A-A7B3-C32077873174}.Release|Any CPU.ActiveCfg = Release|Any CPU
		{11ACA2B3-B4B3-434A-A7B3-C32077873174}.Release|Any CPU.Build.0 = Release|Any CPU
		{62CC9631-5FF8-437F-8D61-E1C7EAF0FA26}.Debug|Any CPU.ActiveCfg = Debug|Any CPU
		{62CC9631-5FF8-437F-8D61-E1C7EAF0FA26}.Debug|Any CPU.Build.0 = Debug|Any CPU
		{62CC9631-5FF8-437F-8D61-E1C7EAF0FA26}.Release|Any CPU.ActiveCfg = Release|Any CPU
		{62CC9631-5FF8-437F-8D61-E1C7EAF0FA26}.Release|Any CPU.Build.0 = Release|Any CPU
	EndGlobalSection
	GlobalSection(SolutionProperties) = preSolution
		HideSolutionNode = FALSE
	EndGlobalSection
	GlobalSection(NestedProjects) = preSolution
		{11ACA2B3-B4B3-434A-A7B3-C32077873174} = {02EA681E-C7D8-13C7-8484-4AC65E1B71E8}
		{62CC9631-5FF8-437F-8D61-E1C7EAF0FA26} = {41D8CDDC-BAD8-4542-8BB9-ABD2873EF6CC}
	EndGlobalSection
	GlobalSection(ExtensibilityGlobals) = postSolution
		SolutionGuid = {8232C252-30A3-48C6-BD58-675C071DAD2A}
	EndGlobalSection
EndGlobal
